
Microsoft Visual Studio Solution File, Format Version 12.00
# Visual Studio Version 17
VisualStudioVersion = 17.3.32929.385
MinimumVisualStudioVersion = 10.0.40219.1
Project("{FAE04EC0-301F-11D3-BF4B-00C04F79EFBC}") = "crudWPF", "crudWPF\crudWPF.csproj", "{0738C788-F504-4B5B-B20B-21C908A1E3E5}"
EndProject
Global
	GlobalSection(SolutionConfigurationPlatforms) = preSolution
		Debug|Any CPU = Debug|Any CPU
		Release|Any CPU = Release|Any CPU
	EndGlobalSection
	GlobalSection(ProjectConfigurationPlatforms) = postSolution
		{0738C788-F504-4B5B-B20B-21C908A1E3E5}.Debug|Any CPU.ActiveCfg = Debug|Any CPU
		{0738C788-F504-4B5B-B20B-21C908A1E3E5}.Debug|Any CPU.Build.0 = Debug|Any CPU
		{0738C788-F504-4B5B-B20B-21C908A1E3E5}.Release|Any CPU.ActiveCfg = Release|Any CPU
		{0738C788-F504-4B5B-B20B-21C908A1E3E5}.Release|Any CPU.Build.0 = Release|Any CPU
	EndGlobalSection
	GlobalSection(SolutionProperties) = preSolution
		HideSolutionNode = FALSE
	EndGlobalSection
	GlobalSection(ExtensibilityGlobals) = postSolution
		SolutionGuid = {3C4F5727-7AEF-4282-A0F6-FC91C464611F}
	EndGlobalSection
EndGlobal
